
Microsoft Visual Studio Solution File, Format Version 12.00
# Visual Studio Version 16
VisualStudioVersion = 16.0.31005.135
MinimumVisualStudioVersion = 10.0.40219.1
Project("{9A19103F-16F7-4668-BE54-9A1E7A4F7556}") = "InBusinessForTests", "InBusinessForTests\InBusinessForTests.csproj", "{048DB388-AD34-4A98-87C6-F6B0545E89EB}"
EndProject
Project("{E53339B2-1760-4266-BCC7-CA923CBCF16C}") = "docker-compose", "docker-compose.dcproj", "{9893F9E4-06C9-4120-9F9B-16B8D50962CC}"
EndProject
Global
	GlobalSection(SolutionConfigurationPlatforms) = preSolution
		Debug|Any CPU = Debug|Any CPU
		Release|Any CPU = Release|Any CPU
	EndGlobalSection
	GlobalSection(ProjectConfigurationPlatforms) = postSolution
		{048DB388-AD34-4A98-87C6-F6B0545E89EB}.Debug|Any CPU.ActiveCfg = Debug|Any CPU
		{048DB388-AD34-4A98-87C6-F6B0545E89EB}.Debug|Any CPU.Build.0 = Debug|Any CPU
		{048DB388-AD34-4A98-87C6-F6B0545E89EB}.Release|Any CPU.ActiveCfg = Release|Any CPU
		{048DB388-AD34-4A98-87C6-F6B0545E89EB}.Release|Any CPU.Build.0 = Release|Any CPU
		{9893F9E4-06C9-4120-9F9B-16B8D50962CC}.Debug|Any CPU.ActiveCfg = Debug|Any CPU
		{9893F9E4-06C9-4120-9F9B-16B8D50962CC}.Debug|Any CPU.Build.0 = Debug|Any CPU
		{9893F9E4-06C9-4120-9F9B-16B8D50962CC}.Release|Any CPU.ActiveCfg = Release|Any CPU
		{9893F9E4-06C9-4120-9F9B-16B8D50962CC}.Release|Any CPU.Build.0 = Release|Any CPU
	EndGlobalSection
	GlobalSection(SolutionProperties) = preSolution
		HideSolutionNode = FALSE
	EndGlobalSection
	GlobalSection(ExtensibilityGlobals) = postSolution
		SolutionGuid = {8062286B-4157-4AF9-B21A-11A64A96679C}
	EndGlobalSection
EndGlobal
